
Microsoft Visual Studio Solution File, Format Version 12.00
# Visual Studio Version 17
VisualStudioVersion = 17.7.34031.279
MinimumVisualStudioVersion = 10.0.40219.1
Project("{FAE04EC0-301F-11D3-BF4B-00C04F79EFBC}") = "E-Graphical program", "E-Graphical program\E-Graphical program.csproj", "{87E763BF-F4A3-4DC3-9677-F587DDBE1D3D}"
EndProject
Global
	GlobalSection(SolutionConfigurationPlatforms) = preSolution
		Debug|Any CPU = Debug|Any CPU
		Release|Any CPU = Release|Any CPU
	EndGlobalSection
	GlobalSection(ProjectConfigurationPlatforms) = postSolution
		{87E763BF-F4A3-4DC3-9677-F587DDBE1D3D}.Debug|Any CPU.ActiveCfg = Debug|Any CPU
		{87E763BF-F4A3-4DC3-9677-F587DDBE1D3D}.Debug|Any CPU.Build.0 = Debug|Any CPU
		{87E763BF-F4A3-4DC3-9677-F587DDBE1D3D}.Release|Any CPU.ActiveCfg = Release|Any CPU
		{87E763BF-F4A3-4DC3-9677-F587DDBE1D3D}.Release|Any CPU.Build.0 = Release|Any CPU
	EndGlobalSection
	GlobalSection(SolutionProperties) = preSolution
		HideSolutionNode = FALSE
	EndGlobalSection
	GlobalSection(ExtensibilityGlobals) = postSolution
		SolutionGuid = {610BE15C-7D96-41D1-AB8C-E08750410E2D}
	EndGlobalSection
EndGlobal
